
Microsoft Visual Studio Solution File, Format Version 12.00
# Visual Studio Version 16
VisualStudioVersion = 16.0.30523.141
MinimumVisualStudioVersion = 10.0.40219.1
Project("{FAE04EC0-301F-11D3-BF4B-00C04F79EFBC}") = "PrimerParcial", "PrimerParcial.csproj", "{BCA088AA-4D8C-4641-97F6-75BC141181CE}"
EndProject
Global
	GlobalSection(SolutionConfigurationPlatforms) = preSolution
		Debug|Any CPU = Debug|Any CPU
		Release|Any CPU = Release|Any CPU
	EndGlobalSection
	GlobalSection(ProjectConfigurationPlatforms) = postSolution
		{BCA088AA-4D8C-4641-97F6-75BC141181CE}.Debug|Any CPU.ActiveCfg = Debug|Any CPU
		{BCA088AA-4D8C-4641-97F6-75BC141181CE}.Debug|Any CPU.Build.0 = Debug|Any CPU
		{BCA088AA-4D8C-4641-97F6-75BC141181CE}.Release|Any CPU.ActiveCfg = Release|Any CPU
		{BCA088AA-4D8C-4641-97F6-75BC141181CE}.Release|Any CPU.Build.0 = Release|Any CPU
	EndGlobalSection
	GlobalSection(SolutionProperties) = preSolution
		HideSolutionNode = FALSE
	EndGlobalSection
	GlobalSection(ExtensibilityGlobals) = postSolution
		SolutionGuid = {232A8F3C-99D9-4E73-BCE1-C7534EE25C1C}
	EndGlobalSection
EndGlobal
